
Microsoft Visual Studio Solution File, Format Version 12.00
# Visual Studio Version 16
VisualStudioVersion = 16.0.30104.148
MinimumVisualStudioVersion = 10.0.40219.1
Project("{9A19103F-16F7-4668-BE54-9A1E7A4F7556}") = "Entity", "Entity\Entity.csproj", "{A2585B77-32F7-4D7E-81BF-EE88E1996742}"
EndProject
Project("{9A19103F-16F7-4668-BE54-9A1E7A4F7556}") = "DataAccess", "DataAccess\DataAccess.csproj", "{CFEDAFA9-3581-4029-97D6-2ECEF4FCA338}"
EndProject
Project("{9A19103F-16F7-4668-BE54-9A1E7A4F7556}") = "MVC", "MVC\MVC.csproj", "{C11D1D78-33E2-4C98-8044-3138A698EECF}"
EndProject
Project("{9A19103F-16F7-4668-BE54-9A1E7A4F7556}") = "Core", "Core\Core.csproj", "{11852903-F10F-4B0C-8197-E25FEB572DF1}"
EndProject
Project("{9A19103F-16F7-4668-BE54-9A1E7A4F7556}") = "Business", "Business\Business.csproj", "{1396FC90-BD63-430A-927C-4A3241672ED8}"
EndProject
Project("{FAE04EC0-301F-11D3-BF4B-00C04F79EFBC}") = "WebApi", "WebApi\WebApi.csproj", "{9FFA0593-16E5-431B-9918-BE810D1BA19C}"
EndProject
Global
	GlobalSection(SolutionConfigurationPlatforms) = preSolution
		Debug|Any CPU = Debug|Any CPU
		Release|Any CPU = Release|Any CPU
	EndGlobalSection
	GlobalSection(ProjectConfigurationPlatforms) = postSolution
		{A2585B77-32F7-4D7E-81BF-EE88E1996742}.Debug|Any CPU.ActiveCfg = Debug|Any CPU
		{A2585B77-32F7-4D7E-81BF-EE88E1996742}.Debug|Any CPU.Build.0 = Debug|Any CPU
		{A2585B77-32F7-4D7E-81BF-EE88E1996742}.Release|Any CPU.ActiveCfg = Release|Any CPU
		{A2585B77-32F7-4D7E-81BF-EE88E1996742}.Release|Any CPU.Build.0 = Release|Any CPU
		{CFEDAFA9-3581-4029-97D6-2ECEF4FCA338}.Debug|Any CPU.ActiveCfg = Debug|Any CPU
		{CFEDAFA9-3581-4029-97D6-2ECEF4FCA338}.Debug|Any CPU.Build.0 = Debug|Any CPU
		{CFEDAFA9-3581-4029-97D6-2ECEF4FCA338}.Release|Any CPU.ActiveCfg = Release|Any CPU
		{CFEDAFA9-3581-4029-97D6-2ECEF4FCA338}.Release|Any CPU.Build.0 = Release|Any CPU
		{C11D1D78-33E2-4C98-8044-3138A698EECF}.Debug|Any CPU.ActiveCfg = Debug|Any CPU
		{C11D1D78-33E2-4C98-8044-3138A698EECF}.Debug|Any CPU.Build.0 = Debug|Any CPU
		{C11D1D78-33E2-4C98-8044-3138A698EECF}.Release|Any CPU.ActiveCfg = Release|Any CPU
		{C11D1D78-33E2-4C98-8044-3138A698EECF}.Release|Any CPU.Build.0 = Release|Any CPU
		{11852903-F10F-4B0C-8197-E25FEB572DF1}.Debug|Any CPU.ActiveCfg = Debug|Any CPU
		{11852903-F10F-4B0C-8197-E25FEB572DF1}.Debug|Any CPU.Build.0 = Debug|Any CPU
		{11852903-F10F-4B0C-8197-E25FEB572DF1}.Release|Any CPU.ActiveCfg = Release|Any CPU
		{11852903-F10F-4B0C-8197-E25FEB572DF1}.Release|Any CPU.Build.0 = Release|Any CPU
		{1396FC90-BD63-430A-927C-4A3241672ED8}.Debug|Any CPU.ActiveCfg = Debug|Any CPU
		{1396FC90-BD63-430A-927C-4A3241672ED8}.Debug|Any CPU.Build.0 = Debug|Any CPU
		{1396FC90-BD63-430A-927C-4A3241672ED8}.Release|Any CPU.ActiveCfg = Release|Any CPU
		{1396FC90-BD63-430A-927C-4A3241672ED8}.Release|Any CPU.Build.0 = Release|Any CPU
		{9FFA0593-16E5-431B-9918-BE810D1BA19C}.Debug|Any CPU.ActiveCfg = Debug|Any CPU
		{9FFA0593-16E5-431B-9918-BE810D1BA19C}.Debug|Any CPU.Build.0 = Debug|Any CPU
		{9FFA0593-16E5-431B-9918-BE810D1BA19C}.Release|Any CPU.ActiveCfg = Release|Any CPU
		{9FFA0593-16E5-431B-9918-BE810D1BA19C}.Release|Any CPU.Build.0 = Release|Any CPU
	EndGlobalSection
	GlobalSection(SolutionProperties) = preSolution
		HideSolutionNode = FALSE
	EndGlobalSection
	GlobalSection(ExtensibilityGlobals) = postSolution
		SolutionGuid = {40A1E7B4-FB4D-46BD-AD69-0238D48A0E17}
	EndGlobalSection
EndGlobal
